
Microsoft Visual Studio Solution File, Format Version 12.00
# Visual Studio 15
VisualStudioVersion = 15.0.27428.2015
MinimumVisualStudioVersion = 10.0.40219.1
Project("{FAE04EC0-301F-11D3-BF4B-00C04F79EFBC}") = "LAB4_Kollekcii", "LAB4_Kollekcii\LAB4_Kollekcii.csproj", "{3FD0B652-2411-42AC-B930-9C92749046D4}"
EndProject
Global
	GlobalSection(SolutionConfigurationPlatforms) = preSolution
		Debug|Any CPU = Debug|Any CPU
		Release|Any CPU = Release|Any CPU
	EndGlobalSection
	GlobalSection(ProjectConfigurationPlatforms) = postSolution
		{3FD0B652-2411-42AC-B930-9C92749046D4}.Debug|Any CPU.ActiveCfg = Debug|Any CPU
		{3FD0B652-2411-42AC-B930-9C92749046D4}.Debug|Any CPU.Build.0 = Debug|Any CPU
		{3FD0B652-2411-42AC-B930-9C92749046D4}.Release|Any CPU.ActiveCfg = Release|Any CPU
		{3FD0B652-2411-42AC-B930-9C92749046D4}.Release|Any CPU.Build.0 = Release|Any CPU
	EndGlobalSection
	GlobalSection(SolutionProperties) = preSolution
		HideSolutionNode = FALSE
	EndGlobalSection
	GlobalSection(ExtensibilityGlobals) = postSolution
		SolutionGuid = {42C007E3-1930-41DC-AE0E-49254F87DD15}
	EndGlobalSection
EndGlobal
