
Microsoft Visual Studio Solution File, Format Version 12.00
# Visual Studio 15
VisualStudioVersion = 15.0.27428.2015
MinimumVisualStudioVersion = 10.0.40219.1
Project("{FAE04EC0-301F-11D3-BF4B-00C04F79EFBC}") = "LAB_2_2", "LAB_2_2\LAB_2_2.csproj", "{6DBC87AC-6424-4012-9F4C-0C6DDA019DCD}"
EndProject
Global
	GlobalSection(SolutionConfigurationPlatforms) = preSolution
		Debug|Any CPU = Debug|Any CPU
		Release|Any CPU = Release|Any CPU
	EndGlobalSection
	GlobalSection(ProjectConfigurationPlatforms) = postSolution
		{6DBC87AC-6424-4012-9F4C-0C6DDA019DCD}.Debug|Any CPU.ActiveCfg = Debug|Any CPU
		{6DBC87AC-6424-4012-9F4C-0C6DDA019DCD}.Debug|Any CPU.Build.0 = Debug|Any CPU
		{6DBC87AC-6424-4012-9F4C-0C6DDA019DCD}.Release|Any CPU.ActiveCfg = Release|Any CPU
		{6DBC87AC-6424-4012-9F4C-0C6DDA019DCD}.Release|Any CPU.Build.0 = Release|Any CPU
	EndGlobalSection
	GlobalSection(SolutionProperties) = preSolution
		HideSolutionNode = FALSE
	EndGlobalSection
	GlobalSection(ExtensibilityGlobals) = postSolution
		SolutionGuid = {1084DFD5-AD4F-40EA-850C-6AFEAAEE7662}
	EndGlobalSection
EndGlobal
