
Microsoft Visual Studio Solution File, Format Version 12.00
# Visual Studio 15
VisualStudioVersion = 15.0.27428.2015
MinimumVisualStudioVersion = 10.0.40219.1
Project("{FAE04EC0-301F-11D3-BF4B-00C04F79EFBC}") = "LAB5_Nlog", "LAB5_Nlog\LAB5_Nlog.csproj", "{1B8191B4-3D86-44FD-83A9-B68C2BF82376}"
EndProject
Global
	GlobalSection(SolutionConfigurationPlatforms) = preSolution
		Debug|Any CPU = Debug|Any CPU
		Release|Any CPU = Release|Any CPU
	EndGlobalSection
	GlobalSection(ProjectConfigurationPlatforms) = postSolution
		{1B8191B4-3D86-44FD-83A9-B68C2BF82376}.Debug|Any CPU.ActiveCfg = Debug|Any CPU
		{1B8191B4-3D86-44FD-83A9-B68C2BF82376}.Debug|Any CPU.Build.0 = Debug|Any CPU
		{1B8191B4-3D86-44FD-83A9-B68C2BF82376}.Release|Any CPU.ActiveCfg = Release|Any CPU
		{1B8191B4-3D86-44FD-83A9-B68C2BF82376}.Release|Any CPU.Build.0 = Release|Any CPU
	EndGlobalSection
	GlobalSection(SolutionProperties) = preSolution
		HideSolutionNode = FALSE
	EndGlobalSection
	GlobalSection(ExtensibilityGlobals) = postSolution
		SolutionGuid = {498B893C-5424-415A-8FD2-BF4C4326A36E}
	EndGlobalSection
EndGlobal
